
Microsoft Visual Studio Solution File, Format Version 12.00
# Visual Studio Version 16
VisualStudioVersion = 16.0.31911.196
MinimumVisualStudioVersion = 10.0.40219.1
Project("{FAE04EC0-301F-11D3-BF4B-00C04F79EFBC}") = "Caesar", "Caesar.csproj", "{8B8A52BE-8CF1-4EA0-99CA-010BDBF59392}"
EndProject
Global
	GlobalSection(SolutionConfigurationPlatforms) = preSolution
		Debug|Any CPU = Debug|Any CPU
		Release|Any CPU = Release|Any CPU
	EndGlobalSection
	GlobalSection(ProjectConfigurationPlatforms) = postSolution
		{8B8A52BE-8CF1-4EA0-99CA-010BDBF59392}.Debug|Any CPU.ActiveCfg = Debug|Any CPU
		{8B8A52BE-8CF1-4EA0-99CA-010BDBF59392}.Debug|Any CPU.Build.0 = Debug|Any CPU
		{8B8A52BE-8CF1-4EA0-99CA-010BDBF59392}.Release|Any CPU.ActiveCfg = Release|Any CPU
		{8B8A52BE-8CF1-4EA0-99CA-010BDBF59392}.Release|Any CPU.Build.0 = Release|Any CPU
	EndGlobalSection
	GlobalSection(SolutionProperties) = preSolution
		HideSolutionNode = FALSE
	EndGlobalSection
	GlobalSection(ExtensibilityGlobals) = postSolution
		SolutionGuid = {7EF47847-832B-484B-8EE4-91F70D39D681}
	EndGlobalSection
EndGlobal
